// !$*UTF8*$!
{
	archiveVersion = 1;
	classes = {
	};
	objectVersion = 56;
	objects = {

/* Begin PBXBuildFile section */
		73F27FC60983BEB9211FB330 /* AnalysisRegion.swift in Sources */ = {
			isa = PBXBuildFile;
			fileRef = 57AE9974ECABC9331CFDB9B8 /* AnalysisRegion.swift */;
		};
		D8394BB111E9B07A2B427985 /* AnalysisRegionTests.swift in Sources */ = {
			isa = PBXBuildFile;
			fileRef = FFF1FDF7EFF832E9F4ADA4A1 /* AnalysisRegionTests.swift */;
		};
		85DE2793CE67B3F35E7FC77F /* AppEnvironment.swift in Sources */ = {
			isa = PBXBuildFile;
			fileRef = E5DBC5F3BD3BA34EDF8F802C /* AppEnvironment.swift */;
		};
		1C2BAB2F52B3CAD4B0838EE0 /* Assets.xcassets in Resources */ = {
			isa = PBXBuildFile;
			fileRef = 03905479DF4711F02F74B131 /* Assets.xcassets */;
		};
		120C089D46FD7367B0386607 /* CameraAuthorization.swift in Sources */ = {
			isa = PBXBuildFile;
			fileRef = C46EB88070D748D4DB17C844 /* CameraAuthorization.swift */;
		};
		C47C827F3E23A33A54BC594C /* CameraAuthorizationMappingTests.swift in Sources */ = {
			isa = PBXBuildFile;
			fileRef = B4F32B2356F5475F6EFBAAAF /* CameraAuthorizationMappingTests.swift */;
		};
		5B5E8409B9299E1C6F0E668F /* CameraAuthorizing.swift in Sources */ = {
			isa = PBXBuildFile;
			fileRef = F7F69CCD362D9A309E23F7B6 /* CameraAuthorizing.swift */;
		};
		FF7BDDFA8C19B96B067D0507 /* CameraCapabilities.swift in Sources */ = {
			isa = PBXBuildFile;
			fileRef = BB2667D7BF86612F2CABE0EA /* CameraCapabilities.swift */;
		};
		A3800AEB380ABE7D96746E3D /* CameraCapabilityReporter.swift in Sources */ = {
			isa = PBXBuildFile;
			fileRef = 8BA8CD0E0CD43372F652F64C /* CameraCapabilityReporter.swift */;
		};
		28BC32080315E79A51CA3696 /* CameraControlLock.swift in Sources */ = {
			isa = PBXBuildFile;
			fileRef = FD76F1C408F4A479E6AC27F8 /* CameraControlLock.swift */;
		};
		8D180AFECF53AE948F2E6B80 /* CameraControlLockPlannerTests.swift in Sources */ = {
			isa = PBXBuildFile;
			fileRef = 172E75A874EAF7C64D612636 /* CameraControlLockPlannerTests.swift */;
		};
		63BF5C33CA6C78E72B3A25F2 /* CameraControlling.swift in Sources */ = {
			isa = PBXBuildFile;
			fileRef = 0014A9067F186D6774D0EB77 /* CameraControlling.swift */;
		};
		386BE32420BD51395B542AB7 /* CameraError.swift in Sources */ = {
			isa = PBXBuildFile;
			fileRef = E102216FF69A37CA714FDD08 /* CameraError.swift */;
		};
		2ABBF7531516A0A2E67D095E /* CameraPipelineIntegrationTests.swift in Sources */ = {
			isa = PBXBuildFile;
			fileRef = 83BC6EADA442787876FC9DB9 /* CameraPipelineIntegrationTests.swift */;
		};
		44D6F0114D6BEEDB19CCCF03 /* CameraPreviewView.swift in Sources */ = {
			isa = PBXBuildFile;
			fileRef = 25C22C3A1CAF624F73136437 /* CameraPreviewView.swift */;
		};
		D43E8036C329B4A3848A2E7E /* CameraSelector.swift in Sources */ = {
			isa = PBXBuildFile;
			fileRef = 9ACA3A9D290F58E125A45B46 /* CameraSelector.swift */;
		};
		F020BDA5DDD2A9EBEC1DCCCE /* CameraSelectorTests.swift in Sources */ = {
			isa = PBXBuildFile;
			fileRef = D2058DA87E1DB911899CB5A2 /* CameraSelectorTests.swift */;
		};
		2962D041B8396E23CD8C1276 /* CameraService.swift in Sources */ = {
			isa = PBXBuildFile;
			fileRef = B7140B2871CA71402BE451BC /* CameraService.swift */;
		};
		737437E6C3EEAC2D294357FA /* CapabilityFactory.swift in Sources */ = {
			isa = PBXBuildFile;
			fileRef = 521422119DBEE162F754E08F /* CapabilityFactory.swift */;
		};
		D1742F267F41C1882CFF3460 /* CaptureDiagnosticsView.swift in Sources */ = {
			isa = PBXBuildFile;
			fileRef = 375C792D6A1375049F370D87 /* CaptureDiagnosticsView.swift */;
		};
		D0FD185CFFCF96F169CF8C4D /* CaptureFormatDescriptor.swift in Sources */ = {
			isa = PBXBuildFile;
			fileRef = 8CBA067320BD3210FF4A7B4F /* CaptureFormatDescriptor.swift */;
		};
		DDC20A3C9F008A6EFD723DCE /* CaptureFormatSelector.swift in Sources */ = {
			isa = PBXBuildFile;
			fileRef = 6915B071C05D9AD9A388F76F /* CaptureFormatSelector.swift */;
		};
		496BA99541AC5193AC098AC4 /* CaptureFormatSelectorTests.swift in Sources */ = {
			isa = PBXBuildFile;
			fileRef = 383AAE45520BBEA8AAAB1EA3 /* CaptureFormatSelectorTests.swift */;
		};
		F36E51F5D4A9BBBAB6054647 /* CaptureHardwareTeardownTests.swift in Sources */ = {
			isa = PBXBuildFile;
			fileRef = F53D5AE6F26FCF61E3A19057 /* CaptureHardwareTeardownTests.swift */;
		};
		EDFBDD4767B9B34E3F7057C4 /* CaptureLifecycle.swift in Sources */ = {
			isa = PBXBuildFile;
			fileRef = F60256688D9F4DC2F735C4C2 /* CaptureLifecycle.swift */;
		};
		2DF57DBC294B80DAC2C9F7AB /* CaptureLifecycleTests.swift in Sources */ = {
			isa = PBXBuildFile;
			fileRef = CD7C4AF9FEE92AD549FC18D7 /* CaptureLifecycleTests.swift */;
		};
		6F1C3E9C5450A2EBE86083C5 /* CaptureProtocolTimeline.swift in Sources */ = {
			isa = PBXBuildFile;
			fileRef = E979E22AF93182784A67F1BE /* CaptureProtocolTimeline.swift */;
		};
		BFD42DB7A70A574D1BC33354 /* CaptureProtocolTimelineTests.swift in Sources */ = {
			isa = PBXBuildFile;
			fileRef = 71B90D49A4D9A190F0EEBF71 /* CaptureProtocolTimelineTests.swift */;
		};
		7775AC87688364E6F7839F3E /* CaptureQuality.swift in Sources */ = {
			isa = PBXBuildFile;
			fileRef = 9C25394541C3DFE79E2F5DD3 /* CaptureQuality.swift */;
		};
		ED06CF816633122B8445E172 /* CaptureRequirements.swift in Sources */ = {
			isa = PBXBuildFile;
			fileRef = 8DE170A5D3B3871F0FC3263C /* CaptureRequirements.swift */;
		};
		1BF464E8802FB462051D2465 /* CaptureSnapshot.swift in Sources */ = {
			isa = PBXBuildFile;
			fileRef = C3254964D14848F651FABC17 /* CaptureSnapshot.swift */;
		};
		9F1940E90F0FD532273E4A11 /* Components.swift in Sources */ = {
			isa = PBXBuildFile;
			fileRef = 9E69F57EBA529470F6486C32 /* Components.swift */;
		};
		575B16D5A3C21493637DA62D /* DemoScenario.swift in Sources */ = {
			isa = PBXBuildFile;
			fileRef = B32E301A7A25E83A39AA7E04 /* DemoScenario.swift */;
		};
		6D6A921C85E548BB73CAD1F3 /* DemoShowcaseView.swift in Sources */ = {
			isa = PBXBuildFile;
			fileRef = FDFDF74C5ACBC61B70AA732A /* DemoShowcaseView.swift */;
		};
		6A37D1C178139AB5BB768291 /* DeterministicRandom.swift in Sources */ = {
			isa = PBXBuildFile;
			fileRef = C2993B285496277F63F6B7A5 /* DeterministicRandom.swift */;
		};
		D3A7000B414D1DF5DD99C976 /* FrameAnalyzer.swift in Sources */ = {
			isa = PBXBuildFile;
			fileRef = 67A4A329898DE84724BA0008 /* FrameAnalyzer.swift */;
		};
		4F3B60EF0DA4FC918D9A788D /* FrameAnalyzerTests.swift in Sources */ = {
			isa = PBXBuildFile;
			fileRef = A51DD2E766212E32609AF7EE /* FrameAnalyzerTests.swift */;
		};
		6E50095D6BE3117CA5D06517 /* FrameAnalyzing.swift in Sources */ = {
			isa = PBXBuildFile;
			fileRef = 57EC1A02D27C1562747BBE33 /* FrameAnalyzing.swift */;
		};
		8C3AC586B20C14390C322E5E /* FrameNormalization.swift in Sources */ = {
			isa = PBXBuildFile;
			fileRef = 40C51F67D2FFDA423D575C74 /* FrameNormalization.swift */;
		};
		63403CD239E24F90CEC4E7B1 /* FrameObservation.swift in Sources */ = {
			isa = PBXBuildFile;
			fileRef = ED68D7A51277BB29DEBD5168 /* FrameObservation.swift */;
		};
		5BCD6ED2056FE25F3BC3045A /* FrameQualityEvaluator.swift in Sources */ = {
			isa = PBXBuildFile;
			fileRef = 50BBE0BF6A636791F3E7B4FE /* FrameQualityEvaluator.swift */;
		};
		F1E504F7FE367A2CBA3AB7AB /* FrameQualityEvaluatorTests.swift in Sources */ = {
			isa = PBXBuildFile;
			fileRef = EF3D074A15BFA4052854455E /* FrameQualityEvaluatorTests.swift */;
		};
		2A7BB037B60608518BCEDD76 /* FrameTiming.swift in Sources */ = {
			isa = PBXBuildFile;
			fileRef = B22CA0B12A81F63F28FA2B3B /* FrameTiming.swift */;
		};
		174C3261644B6690E1645D48 /* FrameTimingCollectorTests.swift in Sources */ = {
			isa = PBXBuildFile;
			fileRef = 139B200C6B3615B16E2FC310 /* FrameTimingCollectorTests.swift */;
		};
		14E26BDFF25429CA4C95C30E /* InfoPlistTests.swift in Sources */ = {
			isa = PBXBuildFile;
			fileRef = C994A2D7C14DF57C15AF3A4D /* InfoPlistTests.swift */;
		};
		E0DC30EC5BC40F2A759C06EC /* Logging.swift in Sources */ = {
			isa = PBXBuildFile;
			fileRef = 1C38E5659C8437AF63038026 /* Logging.swift */;
		};
		E74072B2F3CA4FD53015AD22 /* LucidApp.swift in Sources */ = {
			isa = PBXBuildFile;
			fileRef = 0D8EF28127B6DEC07003D437 /* LucidApp.swift */;
		};
		A49E3B7F166D7CF7A87E7632 /* LumaImage.swift in Sources */ = {
			isa = PBXBuildFile;
			fileRef = 97DE7CEFB049403F2AA89224 /* LumaImage.swift */;
		};
		D0F0D44DBF29B7CAFD40471D /* LumaStatistics.swift in Sources */ = {
			isa = PBXBuildFile;
			fileRef = 69F496E2ED4360E69BE16D36 /* LumaStatistics.swift */;
		};
		3FAEB2BF2208B5A67DF96FBD /* LumaStatisticsTests.swift in Sources */ = {
			isa = PBXBuildFile;
			fileRef = 5DB012690CAC81A0C26B9B7B /* LumaStatisticsTests.swift */;
		};
		8BD856687C00AD50EE995F58 /* MeasurementEvent.swift in Sources */ = {
			isa = PBXBuildFile;
			fileRef = BAAFD0C08F7A0809DD84EBDD /* MeasurementEvent.swift */;
		};
		BAE963BEE26FE794B21E542A /* MeasurementFailure.swift in Sources */ = {
			isa = PBXBuildFile;
			fileRef = 595E8BA9CE091833C7410B2D /* MeasurementFailure.swift */;
		};
		662CDEF16D911BA2A7E9B1ED /* MeasurementMode.swift in Sources */ = {
			isa = PBXBuildFile;
			fileRef = A8CFEE438CB1450ECEF2EA3A /* MeasurementMode.swift */;
		};
		26D8FD3FCA18D6C6E6A59B5C /* MeasurementRejectionReason.swift in Sources */ = {
			isa = PBXBuildFile;
			fileRef = 0717E2D960126AD5B297D2E6 /* MeasurementRejectionReason.swift */;
		};
		A87346CEEC5837E8703BC19D /* MeasurementScreen.swift in Sources */ = {
			isa = PBXBuildFile;
			fileRef = 71B1DF711CA830AEB3BC115E /* MeasurementScreen.swift */;
		};
		4A53CC916703056A9BA7148F /* MeasurementState.swift in Sources */ = {
			isa = PBXBuildFile;
			fileRef = C3FFA0204A0689D56725F1A5 /* MeasurementState.swift */;
		};
		FDD46B34F31AA27B2DC78EC7 /* MeasurementStateMachine.swift in Sources */ = {
			isa = PBXBuildFile;
			fileRef = AE06069A36CC68FD8F0F967E /* MeasurementStateMachine.swift */;
		};
		3502FB2F740897483E550D14 /* MeasurementStateMachineTests.swift in Sources */ = {
			isa = PBXBuildFile;
			fileRef = D149B3CA57B1D3CB11BA0158 /* MeasurementStateMachineTests.swift */;
		};
		13526630101D52C38813EED4 /* MeasurementStatePresentation.swift in Sources */ = {
			isa = PBXBuildFile;
			fileRef = 0B85B9E36040B6A1430E2CCD /* MeasurementStatePresentation.swift */;
		};
		EF61CF0772EB0FB7A711A642 /* MeasurementViewModel.swift in Sources */ = {
			isa = PBXBuildFile;
			fileRef = 8174C917387B3E067BE15050 /* MeasurementViewModel.swift */;
		};
		9328C3C886021D85059E7F74 /* MeasurementViewModelTests.swift in Sources */ = {
			isa = PBXBuildFile;
			fileRef = 6F0BAFE650D8D86F7CF43245 /* MeasurementViewModelTests.swift */;
		};
		C4655A0C4C9A2C17EA66704D /* OpticalClarityClass.swift in Sources */ = {
			isa = PBXBuildFile;
			fileRef = CC7C8C65C7EF55801FA16DA8 /* OpticalClarityClass.swift */;
		};
		C097ABDD3A996E1AD51D8180 /* PixelBufferLumaExtractor.swift in Sources */ = {
			isa = PBXBuildFile;
			fileRef = 1F0C3932914F5548DA9A15E7 /* PixelBufferLumaExtractor.swift */;
		};
		7296C93BE7AB50290D023AF7 /* RootView.swift in Sources */ = {
			isa = PBXBuildFile;
			fileRef = 4C946787984C4C0C998A3BCE /* RootView.swift */;
		};
		9E7DE44CFA0C064E0B11FF34 /* RuntimeEnvironment.swift in Sources */ = {
			isa = PBXBuildFile;
			fileRef = 86E811EF9B39BFDC6D2975F5 /* RuntimeEnvironment.swift */;
		};
		7252BFF01C661D135E1FC957 /* SettingsOpening.swift in Sources */ = {
			isa = PBXBuildFile;
			fileRef = 5F78619A987272BED1A3ECFD /* SettingsOpening.swift */;
		};
		D2346959A0B2963E9A356859 /* StubCameraAuthorizationService.swift in Sources */ = {
			isa = PBXBuildFile;
			fileRef = 14FFC9FD0A0F84E1E89CB4FF /* StubCameraAuthorizationService.swift */;
		};
		6365A2E61FB3B4A9C69952FF /* StubCameraService.swift in Sources */ = {
			isa = PBXBuildFile;
			fileRef = 2CE8D0CA24F9AB2A17D4286A /* StubCameraService.swift */;
		};
		279CC9131E3A6E55868B1769 /* StubSettingsOpener.swift in Sources */ = {
			isa = PBXBuildFile;
			fileRef = F3B3F2FDC8C68AAB866F7E21 /* StubSettingsOpener.swift */;
		};
		02F19C935BCBB574E54AFAD9 /* SyntheticFrameFactory.swift in Sources */ = {
			isa = PBXBuildFile;
			fileRef = D4D1FFA84B8DD918236E01E1 /* SyntheticFrameFactory.swift */;
		};
		61CEB272B99C0979463BFEFA /* SyntheticFrameFactoryTests.swift in Sources */ = {
			isa = PBXBuildFile;
			fileRef = EB066563FB30328FA2ECFF8F /* SyntheticFrameFactoryTests.swift */;
		};
		F7C071574F68DA3C265FAD19 /* SyntheticScene.swift in Sources */ = {
			isa = PBXBuildFile;
			fileRef = 83A326D8063312E7CAFCE9EE /* SyntheticScene.swift */;
		};
		E9599D7DF1E7A9EFAAAC961D /* SystemCameraAuthorizationService.swift in Sources */ = {
			isa = PBXBuildFile;
			fileRef = A59AAA412CF3059C4F74428E /* SystemCameraAuthorizationService.swift */;
		};
		EB4659D9C04D96401130777F /* Theme.swift in Sources */ = {
			isa = PBXBuildFile;
			fileRef = D10467EB36802B3577E3A1F7 /* Theme.swift */;
		};
/* End PBXBuildFile section */

/* Begin PBXContainerItemProxy section */
		43C02BBB36ABB6EE58969E77 /* PBXContainerItemProxy */ = {
			isa = PBXContainerItemProxy;
			containerPortal = 244210E48437B6556980A702 /* Project object */;
			proxyType = 1;
			remoteGlobalIDString = 8C1A045E96B998B40533C7FF /* Lucid */;
			remoteInfo = Lucid;
		};
/* End PBXContainerItemProxy section */

/* Begin PBXFileReference section */
		57AE9974ECABC9331CFDB9B8 /* AnalysisRegion.swift */ = {
			isa = PBXFileReference;
			lastKnownFileType = sourcecode.swift;
			path = AnalysisRegion.swift;
			sourceTree = "<group>";
		};
		FFF1FDF7EFF832E9F4ADA4A1 /* AnalysisRegionTests.swift */ = {
			isa = PBXFileReference;
			lastKnownFileType = sourcecode.swift;
			path = AnalysisRegionTests.swift;
			sourceTree = "<group>";
		};
		E5DBC5F3BD3BA34EDF8F802C /* AppEnvironment.swift */ = {
			isa = PBXFileReference;
			lastKnownFileType = sourcecode.swift;
			path = AppEnvironment.swift;
			sourceTree = "<group>";
		};
		03905479DF4711F02F74B131 /* Assets.xcassets */ = {
			isa = PBXFileReference;
			lastKnownFileType = folder.assetcatalog;
			path = Assets.xcassets;
			sourceTree = "<group>";
		};
		C46EB88070D748D4DB17C844 /* CameraAuthorization.swift */ = {
			isa = PBXFileReference;
			lastKnownFileType = sourcecode.swift;
			path = CameraAuthorization.swift;
			sourceTree = "<group>";
		};
		B4F32B2356F5475F6EFBAAAF /* CameraAuthorizationMappingTests.swift */ = {
			isa = PBXFileReference;
			lastKnownFileType = sourcecode.swift;
			path = CameraAuthorizationMappingTests.swift;
			sourceTree = "<group>";
		};
		F7F69CCD362D9A309E23F7B6 /* CameraAuthorizing.swift */ = {
			isa = PBXFileReference;
			lastKnownFileType = sourcecode.swift;
			path = CameraAuthorizing.swift;
			sourceTree = "<group>";
		};
		BB2667D7BF86612F2CABE0EA /* CameraCapabilities.swift */ = {
			isa = PBXFileReference;
			lastKnownFileType = sourcecode.swift;
			path = CameraCapabilities.swift;
			sourceTree = "<group>";
		};
		8BA8CD0E0CD43372F652F64C /* CameraCapabilityReporter.swift */ = {
			isa = PBXFileReference;
			lastKnownFileType = sourcecode.swift;
			path = CameraCapabilityReporter.swift;
			sourceTree = "<group>";
		};
		FD76F1C408F4A479E6AC27F8 /* CameraControlLock.swift */ = {
			isa = PBXFileReference;
			lastKnownFileType = sourcecode.swift;
			path = CameraControlLock.swift;
			sourceTree = "<group>";
		};
		172E75A874EAF7C64D612636 /* CameraControlLockPlannerTests.swift */ = {
			isa = PBXFileReference;
			lastKnownFileType = sourcecode.swift;
			path = CameraControlLockPlannerTests.swift;
			sourceTree = "<group>";
		};
		0014A9067F186D6774D0EB77 /* CameraControlling.swift */ = {
			isa = PBXFileReference;
			lastKnownFileType = sourcecode.swift;
			path = CameraControlling.swift;
			sourceTree = "<group>";
		};
		E102216FF69A37CA714FDD08 /* CameraError.swift */ = {
			isa = PBXFileReference;
			lastKnownFileType = sourcecode.swift;
			path = CameraError.swift;
			sourceTree = "<group>";
		};
		83BC6EADA442787876FC9DB9 /* CameraPipelineIntegrationTests.swift */ = {
			isa = PBXFileReference;
			lastKnownFileType = sourcecode.swift;
			path = CameraPipelineIntegrationTests.swift;
			sourceTree = "<group>";
		};
		25C22C3A1CAF624F73136437 /* CameraPreviewView.swift */ = {
			isa = PBXFileReference;
			lastKnownFileType = sourcecode.swift;
			path = CameraPreviewView.swift;
			sourceTree = "<group>";
		};
		9ACA3A9D290F58E125A45B46 /* CameraSelector.swift */ = {
			isa = PBXFileReference;
			lastKnownFileType = sourcecode.swift;
			path = CameraSelector.swift;
			sourceTree = "<group>";
		};
		D2058DA87E1DB911899CB5A2 /* CameraSelectorTests.swift */ = {
			isa = PBXFileReference;
			lastKnownFileType = sourcecode.swift;
			path = CameraSelectorTests.swift;
			sourceTree = "<group>";
		};
		B7140B2871CA71402BE451BC /* CameraService.swift */ = {
			isa = PBXFileReference;
			lastKnownFileType = sourcecode.swift;
			path = CameraService.swift;
			sourceTree = "<group>";
		};
		521422119DBEE162F754E08F /* CapabilityFactory.swift */ = {
			isa = PBXFileReference;
			lastKnownFileType = sourcecode.swift;
			path = CapabilityFactory.swift;
			sourceTree = "<group>";
		};
		375C792D6A1375049F370D87 /* CaptureDiagnosticsView.swift */ = {
			isa = PBXFileReference;
			lastKnownFileType = sourcecode.swift;
			path = CaptureDiagnosticsView.swift;
			sourceTree = "<group>";
		};
		8CBA067320BD3210FF4A7B4F /* CaptureFormatDescriptor.swift */ = {
			isa = PBXFileReference;
			lastKnownFileType = sourcecode.swift;
			path = CaptureFormatDescriptor.swift;
			sourceTree = "<group>";
		};
		6915B071C05D9AD9A388F76F /* CaptureFormatSelector.swift */ = {
			isa = PBXFileReference;
			lastKnownFileType = sourcecode.swift;
			path = CaptureFormatSelector.swift;
			sourceTree = "<group>";
		};
		383AAE45520BBEA8AAAB1EA3 /* CaptureFormatSelectorTests.swift */ = {
			isa = PBXFileReference;
			lastKnownFileType = sourcecode.swift;
			path = CaptureFormatSelectorTests.swift;
			sourceTree = "<group>";
		};
		F53D5AE6F26FCF61E3A19057 /* CaptureHardwareTeardownTests.swift */ = {
			isa = PBXFileReference;
			lastKnownFileType = sourcecode.swift;
			path = CaptureHardwareTeardownTests.swift;
			sourceTree = "<group>";
		};
		F60256688D9F4DC2F735C4C2 /* CaptureLifecycle.swift */ = {
			isa = PBXFileReference;
			lastKnownFileType = sourcecode.swift;
			path = CaptureLifecycle.swift;
			sourceTree = "<group>";
		};
		CD7C4AF9FEE92AD549FC18D7 /* CaptureLifecycleTests.swift */ = {
			isa = PBXFileReference;
			lastKnownFileType = sourcecode.swift;
			path = CaptureLifecycleTests.swift;
			sourceTree = "<group>";
		};
		E979E22AF93182784A67F1BE /* CaptureProtocolTimeline.swift */ = {
			isa = PBXFileReference;
			lastKnownFileType = sourcecode.swift;
			path = CaptureProtocolTimeline.swift;
			sourceTree = "<group>";
		};
		71B90D49A4D9A190F0EEBF71 /* CaptureProtocolTimelineTests.swift */ = {
			isa = PBXFileReference;
			lastKnownFileType = sourcecode.swift;
			path = CaptureProtocolTimelineTests.swift;
			sourceTree = "<group>";
		};
		9C25394541C3DFE79E2F5DD3 /* CaptureQuality.swift */ = {
			isa = PBXFileReference;
			lastKnownFileType = sourcecode.swift;
			path = CaptureQuality.swift;
			sourceTree = "<group>";
		};
		8DE170A5D3B3871F0FC3263C /* CaptureRequirements.swift */ = {
			isa = PBXFileReference;
			lastKnownFileType = sourcecode.swift;
			path = CaptureRequirements.swift;
			sourceTree = "<group>";
		};
		C3254964D14848F651FABC17 /* CaptureSnapshot.swift */ = {
			isa = PBXFileReference;
			lastKnownFileType = sourcecode.swift;
			path = CaptureSnapshot.swift;
			sourceTree = "<group>";
		};
		9E69F57EBA529470F6486C32 /* Components.swift */ = {
			isa = PBXFileReference;
			lastKnownFileType = sourcecode.swift;
			path = Components.swift;
			sourceTree = "<group>";
		};
		B32E301A7A25E83A39AA7E04 /* DemoScenario.swift */ = {
			isa = PBXFileReference;
			lastKnownFileType = sourcecode.swift;
			path = DemoScenario.swift;
			sourceTree = "<group>";
		};
		FDFDF74C5ACBC61B70AA732A /* DemoShowcaseView.swift */ = {
			isa = PBXFileReference;
			lastKnownFileType = sourcecode.swift;
			path = DemoShowcaseView.swift;
			sourceTree = "<group>";
		};
		C2993B285496277F63F6B7A5 /* DeterministicRandom.swift */ = {
			isa = PBXFileReference;
			lastKnownFileType = sourcecode.swift;
			path = DeterministicRandom.swift;
			sourceTree = "<group>";
		};
		67A4A329898DE84724BA0008 /* FrameAnalyzer.swift */ = {
			isa = PBXFileReference;
			lastKnownFileType = sourcecode.swift;
			path = FrameAnalyzer.swift;
			sourceTree = "<group>";
		};
		A51DD2E766212E32609AF7EE /* FrameAnalyzerTests.swift */ = {
			isa = PBXFileReference;
			lastKnownFileType = sourcecode.swift;
			path = FrameAnalyzerTests.swift;
			sourceTree = "<group>";
		};
		57EC1A02D27C1562747BBE33 /* FrameAnalyzing.swift */ = {
			isa = PBXFileReference;
			lastKnownFileType = sourcecode.swift;
			path = FrameAnalyzing.swift;
			sourceTree = "<group>";
		};
		40C51F67D2FFDA423D575C74 /* FrameNormalization.swift */ = {
			isa = PBXFileReference;
			lastKnownFileType = sourcecode.swift;
			path = FrameNormalization.swift;
			sourceTree = "<group>";
		};
		ED68D7A51277BB29DEBD5168 /* FrameObservation.swift */ = {
			isa = PBXFileReference;
			lastKnownFileType = sourcecode.swift;
			path = FrameObservation.swift;
			sourceTree = "<group>";
		};
		50BBE0BF6A636791F3E7B4FE /* FrameQualityEvaluator.swift */ = {
			isa = PBXFileReference;
			lastKnownFileType = sourcecode.swift;
			path = FrameQualityEvaluator.swift;
			sourceTree = "<group>";
		};
		EF3D074A15BFA4052854455E /* FrameQualityEvaluatorTests.swift */ = {
			isa = PBXFileReference;
			lastKnownFileType = sourcecode.swift;
			path = FrameQualityEvaluatorTests.swift;
			sourceTree = "<group>";
		};
		B22CA0B12A81F63F28FA2B3B /* FrameTiming.swift */ = {
			isa = PBXFileReference;
			lastKnownFileType = sourcecode.swift;
			path = FrameTiming.swift;
			sourceTree = "<group>";
		};
		139B200C6B3615B16E2FC310 /* FrameTimingCollectorTests.swift */ = {
			isa = PBXFileReference;
			lastKnownFileType = sourcecode.swift;
			path = FrameTimingCollectorTests.swift;
			sourceTree = "<group>";
		};
		C994A2D7C14DF57C15AF3A4D /* InfoPlistTests.swift */ = {
			isa = PBXFileReference;
			lastKnownFileType = sourcecode.swift;
			path = InfoPlistTests.swift;
			sourceTree = "<group>";
		};
		1C38E5659C8437AF63038026 /* Logging.swift */ = {
			isa = PBXFileReference;
			lastKnownFileType = sourcecode.swift;
			path = Logging.swift;
			sourceTree = "<group>";
		};
		81F31879437340D5CD6ED968 /* Lucid.app */ = {
			isa = PBXFileReference;
			explicitFileType = wrapper.application;
			includeInIndex = 0;
			path = Lucid.app;
			sourceTree = BUILT_PRODUCTS_DIR;
		};
		0D8EF28127B6DEC07003D437 /* LucidApp.swift */ = {
			isa = PBXFileReference;
			lastKnownFileType = sourcecode.swift;
			path = LucidApp.swift;
			sourceTree = "<group>";
		};
		70F09BF32F6D77A92FF191B4 /* LucidTests.xctest */ = {
			isa = PBXFileReference;
			explicitFileType = wrapper.cfbundle;
			includeInIndex = 0;
			path = LucidTests.xctest;
			sourceTree = BUILT_PRODUCTS_DIR;
		};
		97DE7CEFB049403F2AA89224 /* LumaImage.swift */ = {
			isa = PBXFileReference;
			lastKnownFileType = sourcecode.swift;
			path = LumaImage.swift;
			sourceTree = "<group>";
		};
		69F496E2ED4360E69BE16D36 /* LumaStatistics.swift */ = {
			isa = PBXFileReference;
			lastKnownFileType = sourcecode.swift;
			path = LumaStatistics.swift;
			sourceTree = "<group>";
		};
		5DB012690CAC81A0C26B9B7B /* LumaStatisticsTests.swift */ = {
			isa = PBXFileReference;
			lastKnownFileType = sourcecode.swift;
			path = LumaStatisticsTests.swift;
			sourceTree = "<group>";
		};
		BAAFD0C08F7A0809DD84EBDD /* MeasurementEvent.swift */ = {
			isa = PBXFileReference;
			lastKnownFileType = sourcecode.swift;
			path = MeasurementEvent.swift;
			sourceTree = "<group>";
		};
		595E8BA9CE091833C7410B2D /* MeasurementFailure.swift */ = {
			isa = PBXFileReference;
			lastKnownFileType = sourcecode.swift;
			path = MeasurementFailure.swift;
			sourceTree = "<group>";
		};
		A8CFEE438CB1450ECEF2EA3A /* MeasurementMode.swift */ = {
			isa = PBXFileReference;
			lastKnownFileType = sourcecode.swift;
			path = MeasurementMode.swift;
			sourceTree = "<group>";
		};
		0717E2D960126AD5B297D2E6 /* MeasurementRejectionReason.swift */ = {
			isa = PBXFileReference;
			lastKnownFileType = sourcecode.swift;
			path = MeasurementRejectionReason.swift;
			sourceTree = "<group>";
		};
		71B1DF711CA830AEB3BC115E /* MeasurementScreen.swift */ = {
			isa = PBXFileReference;
			lastKnownFileType = sourcecode.swift;
			path = MeasurementScreen.swift;
			sourceTree = "<group>";
		};
		C3FFA0204A0689D56725F1A5 /* MeasurementState.swift */ = {
			isa = PBXFileReference;
			lastKnownFileType = sourcecode.swift;
			path = MeasurementState.swift;
			sourceTree = "<group>";
		};
		AE06069A36CC68FD8F0F967E /* MeasurementStateMachine.swift */ = {
			isa = PBXFileReference;
			lastKnownFileType = sourcecode.swift;
			path = MeasurementStateMachine.swift;
			sourceTree = "<group>";
		};
		D149B3CA57B1D3CB11BA0158 /* MeasurementStateMachineTests.swift */ = {
			isa = PBXFileReference;
			lastKnownFileType = sourcecode.swift;
			path = MeasurementStateMachineTests.swift;
			sourceTree = "<group>";
		};
		0B85B9E36040B6A1430E2CCD /* MeasurementStatePresentation.swift */ = {
			isa = PBXFileReference;
			lastKnownFileType = sourcecode.swift;
			path = MeasurementStatePresentation.swift;
			sourceTree = "<group>";
		};
		8174C917387B3E067BE15050 /* MeasurementViewModel.swift */ = {
			isa = PBXFileReference;
			lastKnownFileType = sourcecode.swift;
			path = MeasurementViewModel.swift;
			sourceTree = "<group>";
		};
		6F0BAFE650D8D86F7CF43245 /* MeasurementViewModelTests.swift */ = {
			isa = PBXFileReference;
			lastKnownFileType = sourcecode.swift;
			path = MeasurementViewModelTests.swift;
			sourceTree = "<group>";
		};
		CC7C8C65C7EF55801FA16DA8 /* OpticalClarityClass.swift */ = {
			isa = PBXFileReference;
			lastKnownFileType = sourcecode.swift;
			path = OpticalClarityClass.swift;
			sourceTree = "<group>";
		};
		1F0C3932914F5548DA9A15E7 /* PixelBufferLumaExtractor.swift */ = {
			isa = PBXFileReference;
			lastKnownFileType = sourcecode.swift;
			path = PixelBufferLumaExtractor.swift;
			sourceTree = "<group>";
		};
		4C946787984C4C0C998A3BCE /* RootView.swift */ = {
			isa = PBXFileReference;
			lastKnownFileType = sourcecode.swift;
			path = RootView.swift;
			sourceTree = "<group>";
		};
		86E811EF9B39BFDC6D2975F5 /* RuntimeEnvironment.swift */ = {
			isa = PBXFileReference;
			lastKnownFileType = sourcecode.swift;
			path = RuntimeEnvironment.swift;
			sourceTree = "<group>";
		};
		5F78619A987272BED1A3ECFD /* SettingsOpening.swift */ = {
			isa = PBXFileReference;
			lastKnownFileType = sourcecode.swift;
			path = SettingsOpening.swift;
			sourceTree = "<group>";
		};
		14FFC9FD0A0F84E1E89CB4FF /* StubCameraAuthorizationService.swift */ = {
			isa = PBXFileReference;
			lastKnownFileType = sourcecode.swift;
			path = StubCameraAuthorizationService.swift;
			sourceTree = "<group>";
		};
		2CE8D0CA24F9AB2A17D4286A /* StubCameraService.swift */ = {
			isa = PBXFileReference;
			lastKnownFileType = sourcecode.swift;
			path = StubCameraService.swift;
			sourceTree = "<group>";
		};
		F3B3F2FDC8C68AAB866F7E21 /* StubSettingsOpener.swift */ = {
			isa = PBXFileReference;
			lastKnownFileType = sourcecode.swift;
			path = StubSettingsOpener.swift;
			sourceTree = "<group>";
		};
		D4D1FFA84B8DD918236E01E1 /* SyntheticFrameFactory.swift */ = {
			isa = PBXFileReference;
			lastKnownFileType = sourcecode.swift;
			path = SyntheticFrameFactory.swift;
			sourceTree = "<group>";
		};
		EB066563FB30328FA2ECFF8F /* SyntheticFrameFactoryTests.swift */ = {
			isa = PBXFileReference;
			lastKnownFileType = sourcecode.swift;
			path = SyntheticFrameFactoryTests.swift;
			sourceTree = "<group>";
		};
		83A326D8063312E7CAFCE9EE /* SyntheticScene.swift */ = {
			isa = PBXFileReference;
			lastKnownFileType = sourcecode.swift;
			path = SyntheticScene.swift;
			sourceTree = "<group>";
		};
		A59AAA412CF3059C4F74428E /* SystemCameraAuthorizationService.swift */ = {
			isa = PBXFileReference;
			lastKnownFileType = sourcecode.swift;
			path = SystemCameraAuthorizationService.swift;
			sourceTree = "<group>";
		};
		D10467EB36802B3577E3A1F7 /* Theme.swift */ = {
			isa = PBXFileReference;
			lastKnownFileType = sourcecode.swift;
			path = Theme.swift;
			sourceTree = "<group>";
		};
/* End PBXFileReference section */

/* Begin PBXFrameworksBuildPhase section */
		C25DC3525EBCD84E8B43FB04 /* Frameworks */ = {
			isa = PBXFrameworksBuildPhase;
			buildActionMask = 2147483647;
			files = (
			);
			runOnlyForDeploymentPostprocessing = 0;
		};
		F97331A9E6A9834471DF72E6 /* Frameworks */ = {
			isa = PBXFrameworksBuildPhase;
			buildActionMask = 2147483647;
			files = (
			);
			runOnlyForDeploymentPostprocessing = 0;
		};
/* End PBXFrameworksBuildPhase section */

/* Begin PBXGroup section */
		AA0596BBDB4DCC95D5D4F10C = {
			isa = PBXGroup;
			children = (
				8428F225ED5615094951C695 /* Lucid */,
				068BADD57312115245030AB1 /* LucidTests */,
				AE7805B56D1DCAFAA071416F /* Products */,
			);
			sourceTree = "<group>";
		};
		15CD0945DE906D4F490082F6 /* Analysis */ = {
			isa = PBXGroup;
			children = (
				57AE9974ECABC9331CFDB9B8 /* AnalysisRegion.swift */,
				E979E22AF93182784A67F1BE /* CaptureProtocolTimeline.swift */,
				9C25394541C3DFE79E2F5DD3 /* CaptureQuality.swift */,
				40C51F67D2FFDA423D575C74 /* FrameNormalization.swift */,
				ED68D7A51277BB29DEBD5168 /* FrameObservation.swift */,
				50BBE0BF6A636791F3E7B4FE /* FrameQualityEvaluator.swift */,
				97DE7CEFB049403F2AA89224 /* LumaImage.swift */,
				69F496E2ED4360E69BE16D36 /* LumaStatistics.swift */,
			);
			path = Analysis;
			sourceTree = "<group>";
		};
		92F15C2242EBBD70F9DF790E /* Analysis */ = {
			isa = PBXGroup;
			children = (
				95817169B5662436DD6715FB /* Synthetic */,
				67A4A329898DE84724BA0008 /* FrameAnalyzer.swift */,
				57EC1A02D27C1562747BBE33 /* FrameAnalyzing.swift */,
				1F0C3932914F5548DA9A15E7 /* PixelBufferLumaExtractor.swift */,
			);
			path = Analysis;
			sourceTree = "<group>";
		};
		ED281E20FB4178D9D58F352E /* App */ = {
			isa = PBXGroup;
			children = (
				E5DBC5F3BD3BA34EDF8F802C /* AppEnvironment.swift */,
				0D8EF28127B6DEC07003D437 /* LucidApp.swift */,
			);
			path = App;
			sourceTree = "<group>";
		};
		D7611D5769FA0E1867BE2968 /* Camera */ = {
			isa = PBXGroup;
			children = (
				8BA8CD0E0CD43372F652F64C /* CameraCapabilityReporter.swift */,
				0014A9067F186D6774D0EB77 /* CameraControlling.swift */,
				25C22C3A1CAF624F73136437 /* CameraPreviewView.swift */,
				B7140B2871CA71402BE451BC /* CameraService.swift */,
			);
			path = Camera;
			sourceTree = "<group>";
		};
		EB369D1973798ECCC7893B5B /* Demo */ = {
			isa = PBXGroup;
			children = (
				B32E301A7A25E83A39AA7E04 /* DemoScenario.swift */,
				FDFDF74C5ACBC61B70AA732A /* DemoShowcaseView.swift */,
			);
			path = Demo;
			sourceTree = "<group>";
		};
		81EC53447189B78DBA90E9F8 /* Diagnostics */ = {
			isa = PBXGroup;
			children = (
				375C792D6A1375049F370D87 /* CaptureDiagnosticsView.swift */,
			);
			path = Diagnostics;
			sourceTree = "<group>";
		};
		1C3B362E39A8D4907EBC1D8E /* Domain */ = {
			isa = PBXGroup;
			children = (
				15CD0945DE906D4F490082F6 /* Analysis */,
				C46EB88070D748D4DB17C844 /* CameraAuthorization.swift */,
				BB2667D7BF86612F2CABE0EA /* CameraCapabilities.swift */,
				FD76F1C408F4A479E6AC27F8 /* CameraControlLock.swift */,
				E102216FF69A37CA714FDD08 /* CameraError.swift */,
				9ACA3A9D290F58E125A45B46 /* CameraSelector.swift */,
				8CBA067320BD3210FF4A7B4F /* CaptureFormatDescriptor.swift */,
				6915B071C05D9AD9A388F76F /* CaptureFormatSelector.swift */,
				F60256688D9F4DC2F735C4C2 /* CaptureLifecycle.swift */,
				8DE170A5D3B3871F0FC3263C /* CaptureRequirements.swift */,
				C3254964D14848F651FABC17 /* CaptureSnapshot.swift */,
				B22CA0B12A81F63F28FA2B3B /* FrameTiming.swift */,
				BAAFD0C08F7A0809DD84EBDD /* MeasurementEvent.swift */,
				595E8BA9CE091833C7410B2D /* MeasurementFailure.swift */,
				A8CFEE438CB1450ECEF2EA3A /* MeasurementMode.swift */,
				0717E2D960126AD5B297D2E6 /* MeasurementRejectionReason.swift */,
				C3FFA0204A0689D56725F1A5 /* MeasurementState.swift */,
				AE06069A36CC68FD8F0F967E /* MeasurementStateMachine.swift */,
				CC7C8C65C7EF55801FA16DA8 /* OpticalClarityClass.swift */,
			);
			path = Domain;
			sourceTree = "<group>";
		};
		8F837CFDD9304B8C653F32DE /* Fakes */ = {
			isa = PBXGroup;
			children = (
				14FFC9FD0A0F84E1E89CB4FF /* StubCameraAuthorizationService.swift */,
				2CE8D0CA24F9AB2A17D4286A /* StubCameraService.swift */,
				F3B3F2FDC8C68AAB866F7E21 /* StubSettingsOpener.swift */,
			);
			path = Fakes;
			sourceTree = "<group>";
		};
		AB1FDBBE6AFBF1583816CEA0 /* Features */ = {
			isa = PBXGroup;
			children = (
				EB369D1973798ECCC7893B5B /* Demo */,
				81EC53447189B78DBA90E9F8 /* Diagnostics */,
				1CF2E6C0DF85D596CC4C9C6A /* Measurement */,
			);
			path = Features;
			sourceTree = "<group>";
		};
		8428F225ED5615094951C695 /* Lucid */ = {
			isa = PBXGroup;
			children = (
				92F15C2242EBBD70F9DF790E /* Analysis */,
				ED281E20FB4178D9D58F352E /* App */,
				D7611D5769FA0E1867BE2968 /* Camera */,
				1C3B362E39A8D4907EBC1D8E /* Domain */,
				AB1FDBBE6AFBF1583816CEA0 /* Features */,
				4D05B2CE43B929EA9DD72D7E /* Resources */,
				024126E5633DCDF99D11AEB4 /* Services */,
				C96B4151893CA00DA6E023AC /* Shared */,
			);
			path = Lucid;
			sourceTree = "<group>";
		};
		068BADD57312115245030AB1 /* LucidTests */ = {
			isa = PBXGroup;
			children = (
				00074C8E381543C714BF4ED0 /* Support */,
				FFF1FDF7EFF832E9F4ADA4A1 /* AnalysisRegionTests.swift */,
				B4F32B2356F5475F6EFBAAAF /* CameraAuthorizationMappingTests.swift */,
				172E75A874EAF7C64D612636 /* CameraControlLockPlannerTests.swift */,
				83BC6EADA442787876FC9DB9 /* CameraPipelineIntegrationTests.swift */,
				D2058DA87E1DB911899CB5A2 /* CameraSelectorTests.swift */,
				383AAE45520BBEA8AAAB1EA3 /* CaptureFormatSelectorTests.swift */,
				F53D5AE6F26FCF61E3A19057 /* CaptureHardwareTeardownTests.swift */,
				CD7C4AF9FEE92AD549FC18D7 /* CaptureLifecycleTests.swift */,
				71B90D49A4D9A190F0EEBF71 /* CaptureProtocolTimelineTests.swift */,
				A51DD2E766212E32609AF7EE /* FrameAnalyzerTests.swift */,
				EF3D074A15BFA4052854455E /* FrameQualityEvaluatorTests.swift */,
				139B200C6B3615B16E2FC310 /* FrameTimingCollectorTests.swift */,
				C994A2D7C14DF57C15AF3A4D /* InfoPlistTests.swift */,
				5DB012690CAC81A0C26B9B7B /* LumaStatisticsTests.swift */,
				D149B3CA57B1D3CB11BA0158 /* MeasurementStateMachineTests.swift */,
				6F0BAFE650D8D86F7CF43245 /* MeasurementViewModelTests.swift */,
				EB066563FB30328FA2ECFF8F /* SyntheticFrameFactoryTests.swift */,
			);
			path = LucidTests;
			sourceTree = "<group>";
		};
		1CF2E6C0DF85D596CC4C9C6A /* Measurement */ = {
			isa = PBXGroup;
			children = (
				71B1DF711CA830AEB3BC115E /* MeasurementScreen.swift */,
				0B85B9E36040B6A1430E2CCD /* MeasurementStatePresentation.swift */,
				8174C917387B3E067BE15050 /* MeasurementViewModel.swift */,
				4C946787984C4C0C998A3BCE /* RootView.swift */,
			);
			path = Measurement;
			sourceTree = "<group>";
		};
		AE7805B56D1DCAFAA071416F /* Products */ = {
			isa = PBXGroup;
			children = (
				81F31879437340D5CD6ED968 /* Lucid.app */,
				70F09BF32F6D77A92FF191B4 /* LucidTests.xctest */,
			);
			name = Products;
			sourceTree = "<group>";
		};
		4D05B2CE43B929EA9DD72D7E /* Resources */ = {
			isa = PBXGroup;
			children = (
				03905479DF4711F02F74B131 /* Assets.xcassets */,
			);
			path = Resources;
			sourceTree = "<group>";
		};
		024126E5633DCDF99D11AEB4 /* Services */ = {
			isa = PBXGroup;
			children = (
				8F837CFDD9304B8C653F32DE /* Fakes */,
				F7F69CCD362D9A309E23F7B6 /* CameraAuthorizing.swift */,
				86E811EF9B39BFDC6D2975F5 /* RuntimeEnvironment.swift */,
				5F78619A987272BED1A3ECFD /* SettingsOpening.swift */,
				A59AAA412CF3059C4F74428E /* SystemCameraAuthorizationService.swift */,
			);
			path = Services;
			sourceTree = "<group>";
		};
		C96B4151893CA00DA6E023AC /* Shared */ = {
			isa = PBXGroup;
			children = (
				9E69F57EBA529470F6486C32 /* Components.swift */,
				1C38E5659C8437AF63038026 /* Logging.swift */,
				D10467EB36802B3577E3A1F7 /* Theme.swift */,
			);
			path = Shared;
			sourceTree = "<group>";
		};
		00074C8E381543C714BF4ED0 /* Support */ = {
			isa = PBXGroup;
			children = (
				521422119DBEE162F754E08F /* CapabilityFactory.swift */,
			);
			path = Support;
			sourceTree = "<group>";
		};
		95817169B5662436DD6715FB /* Synthetic */ = {
			isa = PBXGroup;
			children = (
				C2993B285496277F63F6B7A5 /* DeterministicRandom.swift */,
				D4D1FFA84B8DD918236E01E1 /* SyntheticFrameFactory.swift */,
				83A326D8063312E7CAFCE9EE /* SyntheticScene.swift */,
			);
			path = Synthetic;
			sourceTree = "<group>";
		};
/* End PBXGroup section */

/* Begin PBXNativeTarget section */
		8C1A045E96B998B40533C7FF /* Lucid */ = {
			isa = PBXNativeTarget;
			buildConfigurationList = 144DB5708AC133F6CCE398E7 /* Build configuration list for "Lucid" target */;
			buildPhases = (
				A57DBEF0299370AF343399FB /* Sources */,
				C25DC3525EBCD84E8B43FB04 /* Frameworks */,
				CF9B8749C645137D46661EC8 /* Resources */,
			);
			buildRules = (
			);
			dependencies = (
			);
			name = Lucid;
			productName = Lucid;
			productReference = 81F31879437340D5CD6ED968 /* Lucid.app */;
			productType = "com.apple.product-type.application";
		};
		2ADDEE89B29C55E11126D89F /* LucidTests */ = {
			isa = PBXNativeTarget;
			buildConfigurationList = 22FF52207CD3CC4C77BEE4EB /* Build configuration list for "LucidTests" target */;
			buildPhases = (
				E97D282A6B71BE0E60D42ECE /* Sources */,
				F97331A9E6A9834471DF72E6 /* Frameworks */,
				6F0027E825DFC31B07D545C7 /* Resources */,
			);
			buildRules = (
			);
			dependencies = (
				B44B5DFF7A4013DAA45163F8 /* PBXTargetDependency */,
			);
			name = LucidTests;
			productName = LucidTests;
			productReference = 70F09BF32F6D77A92FF191B4 /* LucidTests.xctest */;
			productType = "com.apple.product-type.bundle.unit-test";
		};
/* End PBXNativeTarget section */

/* Begin PBXProject section */
		244210E48437B6556980A702 /* Project object */ = {
			isa = PBXProject;
			attributes = {
				BuildIndependentTargetsInParallel = 1;
				LastSwiftUpdateCheck = 1600;
				LastUpgradeCheck = 1600;
				ORGANIZATIONNAME = Lucid;
				TargetAttributes = {
					2ADDEE89B29C55E11126D89F = {
						CreatedOnToolsVersion = 16.0;
						TestTargetID = 8C1A045E96B998B40533C7FF /* Lucid */;
					};
					8C1A045E96B998B40533C7FF = {
						CreatedOnToolsVersion = 16.0;
					};
				};
			};
			buildConfigurationList = 68AE2A984E4FBC56370520EE /* Build configuration list for "Lucid" project */;
			compatibilityVersion = "Xcode 14.0";
			developmentRegion = en;
			hasScannedForEncodings = 0;
			knownRegions = (
				en,
				Base,
			);
			mainGroup = AA0596BBDB4DCC95D5D4F10C;
			productRefGroup = AE7805B56D1DCAFAA071416F /* Products */;
			projectDirPath = "";
			projectRoot = "";
			targets = (
				8C1A045E96B998B40533C7FF /* Lucid */,
				2ADDEE89B29C55E11126D89F /* LucidTests */,
			);
		};
/* End PBXProject section */

/* Begin PBXResourcesBuildPhase section */
		6F0027E825DFC31B07D545C7 /* Resources */ = {
			isa = PBXResourcesBuildPhase;
			buildActionMask = 2147483647;
			files = (
			);
			runOnlyForDeploymentPostprocessing = 0;
		};
		CF9B8749C645137D46661EC8 /* Resources */ = {
			isa = PBXResourcesBuildPhase;
			buildActionMask = 2147483647;
			files = (
				1C2BAB2F52B3CAD4B0838EE0 /* Assets.xcassets in Resources */,
			);
			runOnlyForDeploymentPostprocessing = 0;
		};
/* End PBXResourcesBuildPhase section */

/* Begin PBXSourcesBuildPhase section */
		A57DBEF0299370AF343399FB /* Sources */ = {
			isa = PBXSourcesBuildPhase;
			buildActionMask = 2147483647;
			files = (
				D3A7000B414D1DF5DD99C976 /* FrameAnalyzer.swift in Sources */,
				6E50095D6BE3117CA5D06517 /* FrameAnalyzing.swift in Sources */,
				C097ABDD3A996E1AD51D8180 /* PixelBufferLumaExtractor.swift in Sources */,
				6A37D1C178139AB5BB768291 /* DeterministicRandom.swift in Sources */,
				02F19C935BCBB574E54AFAD9 /* SyntheticFrameFactory.swift in Sources */,
				F7C071574F68DA3C265FAD19 /* SyntheticScene.swift in Sources */,
				85DE2793CE67B3F35E7FC77F /* AppEnvironment.swift in Sources */,
				E74072B2F3CA4FD53015AD22 /* LucidApp.swift in Sources */,
				A3800AEB380ABE7D96746E3D /* CameraCapabilityReporter.swift in Sources */,
				63BF5C33CA6C78E72B3A25F2 /* CameraControlling.swift in Sources */,
				44D6F0114D6BEEDB19CCCF03 /* CameraPreviewView.swift in Sources */,
				2962D041B8396E23CD8C1276 /* CameraService.swift in Sources */,
				73F27FC60983BEB9211FB330 /* AnalysisRegion.swift in Sources */,
				6F1C3E9C5450A2EBE86083C5 /* CaptureProtocolTimeline.swift in Sources */,
				7775AC87688364E6F7839F3E /* CaptureQuality.swift in Sources */,
				8C3AC586B20C14390C322E5E /* FrameNormalization.swift in Sources */,
				63403CD239E24F90CEC4E7B1 /* FrameObservation.swift in Sources */,
				5BCD6ED2056FE25F3BC3045A /* FrameQualityEvaluator.swift in Sources */,
				A49E3B7F166D7CF7A87E7632 /* LumaImage.swift in Sources */,
				D0F0D44DBF29B7CAFD40471D /* LumaStatistics.swift in Sources */,
				120C089D46FD7367B0386607 /* CameraAuthorization.swift in Sources */,
				FF7BDDFA8C19B96B067D0507 /* CameraCapabilities.swift in Sources */,
				28BC32080315E79A51CA3696 /* CameraControlLock.swift in Sources */,
				386BE32420BD51395B542AB7 /* CameraError.swift in Sources */,
				D43E8036C329B4A3848A2E7E /* CameraSelector.swift in Sources */,
				D0FD185CFFCF96F169CF8C4D /* CaptureFormatDescriptor.swift in Sources */,
				DDC20A3C9F008A6EFD723DCE /* CaptureFormatSelector.swift in Sources */,
				EDFBDD4767B9B34E3F7057C4 /* CaptureLifecycle.swift in Sources */,
				ED06CF816633122B8445E172 /* CaptureRequirements.swift in Sources */,
				1BF464E8802FB462051D2465 /* CaptureSnapshot.swift in Sources */,
				2A7BB037B60608518BCEDD76 /* FrameTiming.swift in Sources */,
				8BD856687C00AD50EE995F58 /* MeasurementEvent.swift in Sources */,
				BAE963BEE26FE794B21E542A /* MeasurementFailure.swift in Sources */,
				662CDEF16D911BA2A7E9B1ED /* MeasurementMode.swift in Sources */,
				26D8FD3FCA18D6C6E6A59B5C /* MeasurementRejectionReason.swift in Sources */,
				4A53CC916703056A9BA7148F /* MeasurementState.swift in Sources */,
				FDD46B34F31AA27B2DC78EC7 /* MeasurementStateMachine.swift in Sources */,
				C4655A0C4C9A2C17EA66704D /* OpticalClarityClass.swift in Sources */,
				575B16D5A3C21493637DA62D /* DemoScenario.swift in Sources */,
				6D6A921C85E548BB73CAD1F3 /* DemoShowcaseView.swift in Sources */,
				D1742F267F41C1882CFF3460 /* CaptureDiagnosticsView.swift in Sources */,
				A87346CEEC5837E8703BC19D /* MeasurementScreen.swift in Sources */,
				13526630101D52C38813EED4 /* MeasurementStatePresentation.swift in Sources */,
				EF61CF0772EB0FB7A711A642 /* MeasurementViewModel.swift in Sources */,
				7296C93BE7AB50290D023AF7 /* RootView.swift in Sources */,
				5B5E8409B9299E1C6F0E668F /* CameraAuthorizing.swift in Sources */,
				D2346959A0B2963E9A356859 /* StubCameraAuthorizationService.swift in Sources */,
				6365A2E61FB3B4A9C69952FF /* StubCameraService.swift in Sources */,
				279CC9131E3A6E55868B1769 /* StubSettingsOpener.swift in Sources */,
				9E7DE44CFA0C064E0B11FF34 /* RuntimeEnvironment.swift in Sources */,
				7252BFF01C661D135E1FC957 /* SettingsOpening.swift in Sources */,
				E9599D7DF1E7A9EFAAAC961D /* SystemCameraAuthorizationService.swift in Sources */,
				9F1940E90F0FD532273E4A11 /* Components.swift in Sources */,
				E0DC30EC5BC40F2A759C06EC /* Logging.swift in Sources */,
				EB4659D9C04D96401130777F /* Theme.swift in Sources */,
			);
			runOnlyForDeploymentPostprocessing = 0;
		};
		E97D282A6B71BE0E60D42ECE /* Sources */ = {
			isa = PBXSourcesBuildPhase;
			buildActionMask = 2147483647;
			files = (
				D8394BB111E9B07A2B427985 /* AnalysisRegionTests.swift in Sources */,
				C47C827F3E23A33A54BC594C /* CameraAuthorizationMappingTests.swift in Sources */,
				8D180AFECF53AE948F2E6B80 /* CameraControlLockPlannerTests.swift in Sources */,
				2ABBF7531516A0A2E67D095E /* CameraPipelineIntegrationTests.swift in Sources */,
				F020BDA5DDD2A9EBEC1DCCCE /* CameraSelectorTests.swift in Sources */,
				496BA99541AC5193AC098AC4 /* CaptureFormatSelectorTests.swift in Sources */,
				F36E51F5D4A9BBBAB6054647 /* CaptureHardwareTeardownTests.swift in Sources */,
				2DF57DBC294B80DAC2C9F7AB /* CaptureLifecycleTests.swift in Sources */,
				BFD42DB7A70A574D1BC33354 /* CaptureProtocolTimelineTests.swift in Sources */,
				4F3B60EF0DA4FC918D9A788D /* FrameAnalyzerTests.swift in Sources */,
				F1E504F7FE367A2CBA3AB7AB /* FrameQualityEvaluatorTests.swift in Sources */,
				174C3261644B6690E1645D48 /* FrameTimingCollectorTests.swift in Sources */,
				14E26BDFF25429CA4C95C30E /* InfoPlistTests.swift in Sources */,
				3FAEB2BF2208B5A67DF96FBD /* LumaStatisticsTests.swift in Sources */,
				3502FB2F740897483E550D14 /* MeasurementStateMachineTests.swift in Sources */,
				9328C3C886021D85059E7F74 /* MeasurementViewModelTests.swift in Sources */,
				737437E6C3EEAC2D294357FA /* CapabilityFactory.swift in Sources */,
				61CEB272B99C0979463BFEFA /* SyntheticFrameFactoryTests.swift in Sources */,
			);
			runOnlyForDeploymentPostprocessing = 0;
		};
/* End PBXSourcesBuildPhase section */

/* Begin PBXTargetDependency section */
		B44B5DFF7A4013DAA45163F8 /* PBXTargetDependency */ = {
			isa = PBXTargetDependency;
			target = 8C1A045E96B998B40533C7FF /* Lucid */;
			targetProxy = 43C02BBB36ABB6EE58969E77 /* PBXContainerItemProxy */;
		};
/* End PBXTargetDependency section */

/* Begin XCBuildConfiguration section */
		3BB19B87128E73A9A7A00692 /* Debug */ = {
			isa = XCBuildConfiguration;
			buildSettings = {
				ALWAYS_SEARCH_USER_PATHS = NO;
				ASSETCATALOG_COMPILER_GENERATE_SWIFT_ASSET_SYMBOL_EXTENSIONS = YES;
				CLANG_ANALYZER_NONNULL = YES;
				CLANG_ANALYZER_NUMBER_OBJECT_CONVERSION = YES_AGGRESSIVE;
				CLANG_ENABLE_MODULES = YES;
				CLANG_ENABLE_OBJC_ARC = YES;
				CLANG_ENABLE_OBJC_WEAK = YES;
				CLANG_WARN_BLOCK_CAPTURE_AUTORELEASING = YES;
				CLANG_WARN_BOOL_CONVERSION = YES;
				CLANG_WARN_COMMA = YES;
				CLANG_WARN_CONSTANT_CONVERSION = YES;
				CLANG_WARN_DEPRECATED_OBJC_IMPLEMENTATIONS = YES;
				CLANG_WARN_DIRECT_OBJC_ISA_USAGE = YES_ERROR;
				CLANG_WARN_DOCUMENTATION_COMMENTS = YES;
				CLANG_WARN_EMPTY_BODY = YES;
				CLANG_WARN_ENUM_CONVERSION = YES;
				CLANG_WARN_INFINITE_RECURSION = YES;
				CLANG_WARN_INT_CONVERSION = YES;
				CLANG_WARN_NON_LITERAL_NULL_CONVERSION = YES;
				CLANG_WARN_OBJC_LITERAL_CONVERSION = YES;
				CLANG_WARN_OBJC_ROOT_CLASS = YES_ERROR;
				CLANG_WARN_QUOTED_INCLUDE_IN_FRAMEWORK_HEADER = YES;
				CLANG_WARN_RANGE_LOOP_ANALYSIS = YES;
				CLANG_WARN_STRICT_PROTOTYPES = YES;
				CLANG_WARN_SUSPICIOUS_MOVE = YES;
				CLANG_WARN_UNGUARDED_AVAILABILITY = YES_AGGRESSIVE;
				CLANG_WARN_UNREACHABLE_CODE = YES;
				CLANG_WARN__DUPLICATE_METHOD_MATCH = YES;
				COPY_PHASE_STRIP = NO;
				DEBUG_INFORMATION_FORMAT = dwarf;
				ENABLE_STRICT_OBJC_MSGSEND = YES;
				ENABLE_TESTABILITY = YES;
				ENABLE_USER_SCRIPT_SANDBOXING = YES;
				GCC_C_LANGUAGE_STANDARD = gnu17;
				GCC_DYNAMIC_NO_PIC = NO;
				GCC_NO_COMMON_BLOCKS = YES;
				GCC_OPTIMIZATION_LEVEL = 0;
				GCC_PREPROCESSOR_DEFINITIONS = (
					"DEBUG=1",
					"$(inherited)",
				);
				GCC_WARN_64_TO_32_BIT_CONVERSION = YES;
				GCC_WARN_ABOUT_RETURN_TYPE = YES_ERROR;
				GCC_WARN_UNDECLARED_SELECTOR = YES;
				GCC_WARN_UNINITIALIZED_AUTOS = YES_AGGRESSIVE;
				GCC_WARN_UNUSED_FUNCTION = YES;
				GCC_WARN_UNUSED_VARIABLE = YES;
				IPHONEOS_DEPLOYMENT_TARGET = 17.0;
				LOCALIZATION_PREFERS_STRING_CATALOGS = YES;
				MTL_ENABLE_DEBUG_INFO = INCLUDE_SOURCE;
				MTL_FAST_MATH = YES;
				ONLY_ACTIVE_ARCH = YES;
				SDKROOT = iphoneos;
				SWIFT_ACTIVE_COMPILATION_CONDITIONS = (
					DEBUG,
					"$(inherited)",
				);
				SWIFT_EMIT_LOC_STRINGS = YES;
				SWIFT_OPTIMIZATION_LEVEL = "-Onone";
				SWIFT_VERSION = 5.0;
			};
			name = Debug;
		};
		B9A3DC7652A550118B07EBD3 /* Debug */ = {
			isa = XCBuildConfiguration;
			buildSettings = {
				ASSETCATALOG_COMPILER_APPICON_NAME = AppIcon;
				ASSETCATALOG_COMPILER_GLOBAL_ACCENT_COLOR_NAME = AccentColor;
				CODE_SIGN_STYLE = Automatic;
				CURRENT_PROJECT_VERSION = 1;
				ENABLE_PREVIEWS = YES;
				GENERATE_INFOPLIST_FILE = YES;
				INFOPLIST_KEY_NSCameraUsageDescription = "Lucid uses the camera and torch to analyze light scattering in a water sample. Video is processed on this iPhone and is not saved unless you explicitly export diagnostics.";
				INFOPLIST_KEY_UIApplicationSceneManifest_Generation = YES;
				INFOPLIST_KEY_UIApplicationSupportsIndirectInputEvents = YES;
				INFOPLIST_KEY_UILaunchScreen_Generation = YES;
				INFOPLIST_KEY_UIRequiresFullScreen = YES;
				INFOPLIST_KEY_UIStatusBarStyle = UIStatusBarStyleDefault;
				INFOPLIST_KEY_UISupportedInterfaceOrientations = UIInterfaceOrientationPortrait;
				LD_RUNPATH_SEARCH_PATHS = (
					"$(inherited)",
					"@executable_path/Frameworks",
				);
				MARKETING_VERSION = 1.0;
				PRODUCT_BUNDLE_IDENTIFIER = com.lucid.Lucid;
				PRODUCT_NAME = "$(TARGET_NAME)";
				SWIFT_EMIT_LOC_STRINGS = YES;
				SWIFT_VERSION = 5.0;
				TARGETED_DEVICE_FAMILY = 1;
			};
			name = Debug;
		};
		FE6A554BE351582F1A96A7A4 /* Debug */ = {
			isa = XCBuildConfiguration;
			buildSettings = {
				ALWAYS_EMBED_SWIFT_STANDARD_LIBRARIES = NO;
				BUNDLE_LOADER = "$(TEST_HOST)";
				CODE_SIGN_STYLE = Automatic;
				CURRENT_PROJECT_VERSION = 1;
				GENERATE_INFOPLIST_FILE = YES;
				MARKETING_VERSION = 1.0;
				PRODUCT_BUNDLE_IDENTIFIER = com.lucid.LucidTests;
				PRODUCT_NAME = "$(TARGET_NAME)";
				SWIFT_EMIT_LOC_STRINGS = NO;
				SWIFT_VERSION = 5.0;
				TARGETED_DEVICE_FAMILY = 1;
				TEST_HOST = "$(BUILT_PRODUCTS_DIR)/Lucid.app/$(BUNDLE_EXECUTABLE_FOLDER_PATH)/Lucid";
			};
			name = Debug;
		};
		1AD3E8B1A012AA9B9F40EECB /* Release */ = {
			isa = XCBuildConfiguration;
			buildSettings = {
				ALWAYS_EMBED_SWIFT_STANDARD_LIBRARIES = NO;
				BUNDLE_LOADER = "$(TEST_HOST)";
				CODE_SIGN_STYLE = Automatic;
				CURRENT_PROJECT_VERSION = 1;
				GENERATE_INFOPLIST_FILE = YES;
				MARKETING_VERSION = 1.0;
				PRODUCT_BUNDLE_IDENTIFIER = com.lucid.LucidTests;
				PRODUCT_NAME = "$(TARGET_NAME)";
				SWIFT_EMIT_LOC_STRINGS = NO;
				SWIFT_VERSION = 5.0;
				TARGETED_DEVICE_FAMILY = 1;
				TEST_HOST = "$(BUILT_PRODUCTS_DIR)/Lucid.app/$(BUNDLE_EXECUTABLE_FOLDER_PATH)/Lucid";
			};
			name = Release;
		};
		2D8DF2930439C7614A93279B /* Release */ = {
			isa = XCBuildConfiguration;
			buildSettings = {
				ALWAYS_SEARCH_USER_PATHS = NO;
				ASSETCATALOG_COMPILER_GENERATE_SWIFT_ASSET_SYMBOL_EXTENSIONS = YES;
				CLANG_ANALYZER_NONNULL = YES;
				CLANG_ANALYZER_NUMBER_OBJECT_CONVERSION = YES_AGGRESSIVE;
				CLANG_ENABLE_MODULES = YES;
				CLANG_ENABLE_OBJC_ARC = YES;
				CLANG_ENABLE_OBJC_WEAK = YES;
				CLANG_WARN_BLOCK_CAPTURE_AUTORELEASING = YES;
				CLANG_WARN_BOOL_CONVERSION = YES;
				CLANG_WARN_COMMA = YES;
				CLANG_WARN_CONSTANT_CONVERSION = YES;
				CLANG_WARN_DEPRECATED_OBJC_IMPLEMENTATIONS = YES;
				CLANG_WARN_DIRECT_OBJC_ISA_USAGE = YES_ERROR;
				CLANG_WARN_DOCUMENTATION_COMMENTS = YES;
				CLANG_WARN_EMPTY_BODY = YES;
				CLANG_WARN_ENUM_CONVERSION = YES;
				CLANG_WARN_INFINITE_RECURSION = YES;
				CLANG_WARN_INT_CONVERSION = YES;
				CLANG_WARN_NON_LITERAL_NULL_CONVERSION = YES;
				CLANG_WARN_OBJC_LITERAL_CONVERSION = YES;
				CLANG_WARN_OBJC_ROOT_CLASS = YES_ERROR;
				CLANG_WARN_QUOTED_INCLUDE_IN_FRAMEWORK_HEADER = YES;
				CLANG_WARN_RANGE_LOOP_ANALYSIS = YES;
				CLANG_WARN_STRICT_PROTOTYPES = YES;
				CLANG_WARN_SUSPICIOUS_MOVE = YES;
				CLANG_WARN_UNGUARDED_AVAILABILITY = YES_AGGRESSIVE;
				CLANG_WARN_UNREACHABLE_CODE = YES;
				CLANG_WARN__DUPLICATE_METHOD_MATCH = YES;
				COPY_PHASE_STRIP = NO;
				DEBUG_INFORMATION_FORMAT = "dwarf-with-dsym";
				ENABLE_NS_ASSERTIONS = NO;
				ENABLE_STRICT_OBJC_MSGSEND = YES;
				ENABLE_USER_SCRIPT_SANDBOXING = YES;
				GCC_C_LANGUAGE_STANDARD = gnu17;
				GCC_NO_COMMON_BLOCKS = YES;
				GCC_WARN_64_TO_32_BIT_CONVERSION = YES;
				GCC_WARN_ABOUT_RETURN_TYPE = YES_ERROR;
				GCC_WARN_UNDECLARED_SELECTOR = YES;
				GCC_WARN_UNINITIALIZED_AUTOS = YES_AGGRESSIVE;
				GCC_WARN_UNUSED_FUNCTION = YES;
				GCC_WARN_UNUSED_VARIABLE = YES;
				IPHONEOS_DEPLOYMENT_TARGET = 17.0;
				LOCALIZATION_PREFERS_STRING_CATALOGS = YES;
				MTL_ENABLE_DEBUG_INFO = NO;
				MTL_FAST_MATH = YES;
				SDKROOT = iphoneos;
				SWIFT_COMPILATION_MODE = wholemodule;
				SWIFT_EMIT_LOC_STRINGS = YES;
				SWIFT_VERSION = 5.0;
				VALIDATE_PRODUCT = YES;
			};
			name = Release;
		};
		3A21F6865A35C94494C728AA /* Release */ = {
			isa = XCBuildConfiguration;
			buildSettings = {
				ASSETCATALOG_COMPILER_APPICON_NAME = AppIcon;
				ASSETCATALOG_COMPILER_GLOBAL_ACCENT_COLOR_NAME = AccentColor;
				CODE_SIGN_STYLE = Automatic;
				CURRENT_PROJECT_VERSION = 1;
				ENABLE_PREVIEWS = YES;
				GENERATE_INFOPLIST_FILE = YES;
				INFOPLIST_KEY_NSCameraUsageDescription = "Lucid uses the camera and torch to analyze light scattering in a water sample. Video is processed on this iPhone and is not saved unless you explicitly export diagnostics.";
				INFOPLIST_KEY_UIApplicationSceneManifest_Generation = YES;
				INFOPLIST_KEY_UIApplicationSupportsIndirectInputEvents = YES;
				INFOPLIST_KEY_UILaunchScreen_Generation = YES;
				INFOPLIST_KEY_UIRequiresFullScreen = YES;
				INFOPLIST_KEY_UIStatusBarStyle = UIStatusBarStyleDefault;
				INFOPLIST_KEY_UISupportedInterfaceOrientations = UIInterfaceOrientationPortrait;
				LD_RUNPATH_SEARCH_PATHS = (
					"$(inherited)",
					"@executable_path/Frameworks",
				);
				MARKETING_VERSION = 1.0;
				PRODUCT_BUNDLE_IDENTIFIER = com.lucid.Lucid;
				PRODUCT_NAME = "$(TARGET_NAME)";
				SWIFT_EMIT_LOC_STRINGS = YES;
				SWIFT_VERSION = 5.0;
				TARGETED_DEVICE_FAMILY = 1;
			};
			name = Release;
		};
/* End XCBuildConfiguration section */

/* Begin XCConfigurationList section */
		68AE2A984E4FBC56370520EE /* Build configuration list for "Lucid" project */ = {
			isa = XCConfigurationList;
			buildConfigurations = (
				3BB19B87128E73A9A7A00692 /* Debug */,
				2D8DF2930439C7614A93279B /* Release */,
			);
			defaultConfigurationIsVisible = 0;
			defaultConfigurationName = Release;
		};
		144DB5708AC133F6CCE398E7 /* Build configuration list for "Lucid" target */ = {
			isa = XCConfigurationList;
			buildConfigurations = (
				B9A3DC7652A550118B07EBD3 /* Debug */,
				3A21F6865A35C94494C728AA /* Release */,
			);
			defaultConfigurationIsVisible = 0;
			defaultConfigurationName = Release;
		};
		22FF52207CD3CC4C77BEE4EB /* Build configuration list for "LucidTests" target */ = {
			isa = XCConfigurationList;
			buildConfigurations = (
				FE6A554BE351582F1A96A7A4 /* Debug */,
				1AD3E8B1A012AA9B9F40EECB /* Release */,
			);
			defaultConfigurationIsVisible = 0;
			defaultConfigurationName = Release;
		};
/* End XCConfigurationList section */
	};
	rootObject = 244210E48437B6556980A702 /* Project object */;
}
